
Microsoft Visual Studio Solution File, Format Version 12.00
# Visual Studio 2013
VisualStudioVersion = 12.0.30723.0
MinimumVisualStudioVersion = 10.0.40219.1
Project("{FAE04EC0-301F-11D3-BF4B-00C04F79EFBC}") = "cwiczenia nr 6 v2", "cwiczenia nr 6 v2\cwiczenia nr 6 v2.csproj", "{BC32EC6F-3728-4235-83D5-9B147C81F011}"
EndProject
Global
	GlobalSection(SolutionConfigurationPlatforms) = preSolution
		Debug|Any CPU = Debug|Any CPU
		Release|Any CPU = Release|Any CPU
	EndGlobalSection
	GlobalSection(ProjectConfigurationPlatforms) = postSolution
		{BC32EC6F-3728-4235-83D5-9B147C81F011}.Debug|Any CPU.ActiveCfg = Debug|Any CPU
		{BC32EC6F-3728-4235-83D5-9B147C81F011}.Debug|Any CPU.Build.0 = Debug|Any CPU
		{BC32EC6F-3728-4235-83D5-9B147C81F011}.Release|Any CPU.ActiveCfg = Release|Any CPU
		{BC32EC6F-3728-4235-83D5-9B147C81F011}.Release|Any CPU.Build.0 = Release|Any CPU
	EndGlobalSection
	GlobalSection(SolutionProperties) = preSolution
		HideSolutionNode = FALSE
	EndGlobalSection
EndGlobal
